// !$*UTF8*$!
{
	archiveVersion = 1;
	classes = {
	};
	objectVersion = 50;
	objects = {

/* Begin PBXBuildFile section */
		BEAB40BE2774C210008FDBF7 /* AppDelegate.swift in Sources */ = {isa = PBXBuildFile; fileRef = BEAB40BD2774C210008FDBF7 /* AppDelegate.swift */; };
		BEAB40C02774C210008FDBF7 /* SceneDelegate.swift in Sources */ = {isa = PBXBuildFile; fileRef = BEAB40BF2774C210008FDBF7 /* SceneDelegate.swift */; };
		BEAB40C22774C210008FDBF7 /* ConversationsViewController.swift in Sources */ = {isa = PBXBuildFile; fileRef = BEAB40C12774C210008FDBF7 /* ConversationsViewController.swift */; };
		BEAB40C52774C210008FDBF7 /* Main.storyboard in Resources */ = {isa = PBXBuildFile; fileRef = BEAB40C32774C210008FDBF7 /* Main.storyboard */; };
		BEAB40C72774C213008FDBF7 /* Assets.xcassets in Resources */ = {isa = PBXBuildFile; fileRef = BEAB40C62774C213008FDBF7 /* Assets.xcassets */; };
		BEAB40CA2774C213008FDBF7 /* LaunchScreen.storyboard in Resources */ = {isa = PBXBuildFile; fileRef = BEAB40C82774C213008FDBF7 /* LaunchScreen.storyboard */; };
		BEAB40D52774C213008FDBF7 /* MessengarTests.swift in Sources */ = {isa = PBXBuildFile; fileRef = BEAB40D42774C213008FDBF7 /* MessengarTests.swift */; };
		BEAB40E02774C214008FDBF7 /* MessengarUITests.swift in Sources */ = {isa = PBXBuildFile; fileRef = BEAB40DF2774C214008FDBF7 /* MessengarUITests.swift */; };
		BEAB40FD2774C614008FDBF7 /* LoginViewController.swift in Sources */ = {isa = PBXBuildFile; fileRef = BEAB40FC2774C614008FDBF7 /* LoginViewController.swift */; };
		BEAB41052774C62B008FDBF7 /* RegisterViewController.swift in Sources */ = {isa = PBXBuildFile; fileRef = BEAB41042774C62B008FDBF7 /* RegisterViewController.swift */; };
		BEAB410A2774C653008FDBF7 /* PhotoViewerViewController.swift in Sources */ = {isa = PBXBuildFile; fileRef = BEAB41092774C653008FDBF7 /* PhotoViewerViewController.swift */; };
		BEAB410F2774C66A008FDBF7 /* VideoPlayerViewController.swift in Sources */ = {isa = PBXBuildFile; fileRef = BEAB410E2774C66A008FDBF7 /* VideoPlayerViewController.swift */; };
		BEAB41142774C690008FDBF7 /* NewConverstionViewController.swift in Sources */ = {isa = PBXBuildFile; fileRef = BEAB41132774C690008FDBF7 /* NewConverstionViewController.swift */; };
		BEAB41192774C6A6008FDBF7 /* ProfileViewController.swift in Sources */ = {isa = PBXBuildFile; fileRef = BEAB41182774C6A6008FDBF7 /* ProfileViewController.swift */; };
		BEAB41222774D014008FDBF7 /* Extensions.swift in Sources */ = {isa = PBXBuildFile; fileRef = BEAB41212774D014008FDBF7 /* Extensions.swift */; };
/* End PBXBuildFile section */

/* Begin PBXContainerItemProxy section */
		BEAB40D12774C213008FDBF7 /* PBXContainerItemProxy */ = {
			isa = PBXContainerItemProxy;
			containerPortal = BEAB40B22774C210008FDBF7 /* Project object */;
			proxyType = 1;
			remoteGlobalIDString = BEAB40B92774C210008FDBF7;
			remoteInfo = Messengar;
		};
		BEAB40DC2774C214008FDBF7 /* PBXContainerItemProxy */ = {
			isa = PBXContainerItemProxy;
			containerPortal = BEAB40B22774C210008FDBF7 /* Project object */;
			proxyType = 1;
			remoteGlobalIDString = BEAB40B92774C210008FDBF7;
			remoteInfo = Messengar;
		};
/* End PBXContainerItemProxy section */

/* Begin PBXFileReference section */
		BEAB40BA2774C210008FDBF7 /* Messengar.app */ = {isa = PBXFileReference; explicitFileType = wrapper.application; includeInIndex = 0; path = Messengar.app; sourceTree = BUILT_PRODUCTS_DIR; };
		BEAB40BD2774C210008FDBF7 /* AppDelegate.swift */ = {isa = PBXFileReference; lastKnownFileType = sourcecode.swift; path = AppDelegate.swift; sourceTree = "<group>"; };
		BEAB40BF2774C210008FDBF7 /* SceneDelegate.swift */ = {isa = PBXFileReference; lastKnownFileType = sourcecode.swift; path = SceneDelegate.swift; sourceTree = "<group>"; };
		BEAB40C12774C210008FDBF7 /* ConversationsViewController.swift */ = {isa = PBXFileReference; lastKnownFileType = sourcecode.swift; path = ConversationsViewController.swift; sourceTree = "<group>"; };
		BEAB40C42774C210008FDBF7 /* Base */ = {isa = PBXFileReference; lastKnownFileType = file.storyboard; name = Base; path = Base.lproj/Main.storyboard; sourceTree = "<group>"; };
		BEAB40C62774C213008FDBF7 /* Assets.xcassets */ = {isa = PBXFileReference; lastKnownFileType = folder.assetcatalog; path = Assets.xcassets; sourceTree = "<group>"; };
		BEAB40C92774C213008FDBF7 /* Base */ = {isa = PBXFileReference; lastKnownFileType = file.storyboard; name = Base; path = Base.lproj/LaunchScreen.storyboard; sourceTree = "<group>"; };
		BEAB40CB2774C213008FDBF7 /* Info.plist */ = {isa = PBXFileReference; lastKnownFileType = text.plist.xml; path = Info.plist; sourceTree = "<group>"; };
		BEAB40D02774C213008FDBF7 /* MessengarTests.xctest */ = {isa = PBXFileReference; explicitFileType = wrapper.cfbundle; includeInIndex = 0; path = MessengarTests.xctest; sourceTree = BUILT_PRODUCTS_DIR; };
		BEAB40D42774C213008FDBF7 /* MessengarTests.swift */ = {isa = PBXFileReference; lastKnownFileType = sourcecode.swift; path = MessengarTests.swift; sourceTree = "<group>"; };
		BEAB40D62774C213008FDBF7 /* Info.plist */ = {isa = PBXFileReference; lastKnownFileType = text.plist.xml; path = Info.plist; sourceTree = "<group>"; };
		BEAB40DB2774C214008FDBF7 /* MessengarUITests.xctest */ = {isa = PBXFileReference; explicitFileType = wrapper.cfbundle; includeInIndex = 0; path = MessengarUITests.xctest; sourceTree = BUILT_PRODUCTS_DIR; };
		BEAB40DF2774C214008FDBF7 /* MessengarUITests.swift */ = {isa = PBXFileReference; lastKnownFileType = sourcecode.swift; path = MessengarUITests.swift; sourceTree = "<group>"; };
		BEAB40E12774C214008FDBF7 /* Info.plist */ = {isa = PBXFileReference; lastKnownFileType = text.plist.xml; path = Info.plist; sourceTree = "<group>"; };
		BEAB40FC2774C614008FDBF7 /* LoginViewController.swift */ = {isa = PBXFileReference; lastKnownFileType = sourcecode.swift; path = LoginViewController.swift; sourceTree = "<group>"; };
		BEAB41042774C62B008FDBF7 /* RegisterViewController.swift */ = {isa = PBXFileReference; lastKnownFileType = sourcecode.swift; path = RegisterViewController.swift; sourceTree = "<group>"; };
		BEAB41092774C653008FDBF7 /* PhotoViewerViewController.swift */ = {isa = PBXFileReference; lastKnownFileType = sourcecode.swift; path = PhotoViewerViewController.swift; sourceTree = "<group>"; };
		BEAB410E2774C66A008FDBF7 /* VideoPlayerViewController.swift */ = {isa = PBXFileReference; lastKnownFileType = sourcecode.swift; path = VideoPlayerViewController.swift; sourceTree = "<group>"; };
		BEAB41132774C690008FDBF7 /* NewConverstionViewController.swift */ = {isa = PBXFileReference; lastKnownFileType = sourcecode.swift; path = NewConverstionViewController.swift; sourceTree = "<group>"; };
		BEAB41182774C6A6008FDBF7 /* ProfileViewController.swift */ = {isa = PBXFileReference; lastKnownFileType = sourcecode.swift; path = ProfileViewController.swift; sourceTree = "<group>"; };
		BEAB41212774D014008FDBF7 /* Extensions.swift */ = {isa = PBXFileReference; lastKnownFileType = sourcecode.swift; path = Extensions.swift; sourceTree = "<group>"; };
/* End PBXFileReference section */

/* Begin PBXFrameworksBuildPhase section */
		BEAB40B72774C210008FDBF7 /* Frameworks */ = {
			isa = PBXFrameworksBuildPhase;
			buildActionMask = 2147483647;
			files = (
			);
			runOnlyForDeploymentPostprocessing = 0;
		};
		BEAB40CD2774C213008FDBF7 /* Frameworks */ = {
			isa = PBXFrameworksBuildPhase;
			buildActionMask = 2147483647;
			files = (
			);
			runOnlyForDeploymentPostprocessing = 0;
		};
		BEAB40D82774C214008FDBF7 /* Frameworks */ = {
			isa = PBXFrameworksBuildPhase;
			buildActionMask = 2147483647;
			files = (
			);
			runOnlyForDeploymentPostprocessing = 0;
		};
/* End PBXFrameworksBuildPhase section */

/* Begin PBXGroup section */
		BEAB40B12774C210008FDBF7 = {
			isa = PBXGroup;
			children = (
				BEAB40BC2774C210008FDBF7 /* Messengar */,
				BEAB40D32774C213008FDBF7 /* MessengarTests */,
				BEAB40DE2774C214008FDBF7 /* MessengarUITests */,
				BEAB40BB2774C210008FDBF7 /* Products */,
			);
			sourceTree = "<group>";
		};
		BEAB40BB2774C210008FDBF7 /* Products */ = {
			isa = PBXGroup;
			children = (
				BEAB40BA2774C210008FDBF7 /* Messengar.app */,
				BEAB40D02774C213008FDBF7 /* MessengarTests.xctest */,
				BEAB40DB2774C214008FDBF7 /* MessengarUITests.xctest */,
			);
			name = Products;
			sourceTree = "<group>";
		};
		BEAB40BC2774C210008FDBF7 /* Messengar */ = {
			isa = PBXGroup;
			children = (
				BEAB40F42774C417008FDBF7 /* Views */,
				BEAB40F32774C3F7008FDBF7 /* Resources */,
				BEAB40F22774C3E0008FDBF7 /* ViewModels */,
				BEAB40F12774C3C2008FDBF7 /* Models */,
				BEAB40F02774C3B3008FDBF7 /* Controllers */,
				BEAB40CB2774C213008FDBF7 /* Info.plist */,
			);
			path = Messengar;
			sourceTree = "<group>";
		};
		BEAB40D32774C213008FDBF7 /* MessengarTests */ = {
			isa = PBXGroup;
			children = (
				BEAB40D42774C213008FDBF7 /* MessengarTests.swift */,
				BEAB40D62774C213008FDBF7 /* Info.plist */,
			);
			path = MessengarTests;
			sourceTree = "<group>";
		};
		BEAB40DE2774C214008FDBF7 /* MessengarUITests */ = {
			isa = PBXGroup;
			children = (
				BEAB40DF2774C214008FDBF7 /* MessengarUITests.swift */,
				BEAB40E12774C214008FDBF7 /* Info.plist */,
			);
			path = MessengarUITests;
			sourceTree = "<group>";
		};
		BEAB40F02774C3B3008FDBF7 /* Controllers */ = {
			isa = PBXGroup;
			children = (
				BEAB411D2774C77B008FDBF7 /* Login */,
				BEAB40C12774C210008FDBF7 /* ConversationsViewController.swift */,
				BEAB41092774C653008FDBF7 /* PhotoViewerViewController.swift */,
				BEAB410E2774C66A008FDBF7 /* VideoPlayerViewController.swift */,
				BEAB41132774C690008FDBF7 /* NewConverstionViewController.swift */,
				BEAB41182774C6A6008FDBF7 /* ProfileViewController.swift */,
			);
			path = Controllers;
			sourceTree = "<group>";
		};
		BEAB40F12774C3C2008FDBF7 /* Models */ = {
			isa = PBXGroup;
			children = (
			);
			path = Models;
			sourceTree = "<group>";
		};
		BEAB40F22774C3E0008FDBF7 /* ViewModels */ = {
			isa = PBXGroup;
			children = (
			);
			path = ViewModels;
			sourceTree = "<group>";
		};
		BEAB40F32774C3F7008FDBF7 /* Resources */ = {
			isa = PBXGroup;
			children = (
				BEAB40BD2774C210008FDBF7 /* AppDelegate.swift */,
				BEAB40BF2774C210008FDBF7 /* SceneDelegate.swift */,
				BEAB41212774D014008FDBF7 /* Extensions.swift */,
			);
			path = Resources;
			sourceTree = "<group>";
		};
		BEAB40F42774C417008FDBF7 /* Views */ = {
			isa = PBXGroup;
			children = (
				BEAB40F52774C487008FDBF7 /* Storyboards */,
				BEAB40C62774C213008FDBF7 /* Assets.xcassets */,
			);
			path = Views;
			sourceTree = "<group>";
		};
		BEAB40F52774C487008FDBF7 /* Storyboards */ = {
			isa = PBXGroup;
			children = (
				BEAB40C32774C210008FDBF7 /* Main.storyboard */,
				BEAB40C82774C213008FDBF7 /* LaunchScreen.storyboard */,
			);
			path = Storyboards;
			sourceTree = "<group>";
		};
		BEAB411D2774C77B008FDBF7 /* Login */ = {
			isa = PBXGroup;
			children = (
				BEAB41042774C62B008FDBF7 /* RegisterViewController.swift */,
				BEAB40FC2774C614008FDBF7 /* LoginViewController.swift */,
			);
			path = Login;
			sourceTree = "<group>";
		};
/* End PBXGroup section */

/* Begin PBXNativeTarget section */
		BEAB40B92774C210008FDBF7 /* Messengar */ = {
			isa = PBXNativeTarget;
			buildConfigurationList = BEAB40E42774C214008FDBF7 /* Build configuration list for PBXNativeTarget "Messengar" */;
			buildPhases = (
				BEAB40B62774C210008FDBF7 /* Sources */,
				BEAB40B72774C210008FDBF7 /* Frameworks */,
				BEAB40B82774C210008FDBF7 /* Resources */,
			);
			buildRules = (
			);
			dependencies = (
			);
			name = Messengar;
			productName = Messengar;
			productReference = BEAB40BA2774C210008FDBF7 /* Messengar.app */;
			productType = "com.apple.product-type.application";
		};
		BEAB40CF2774C213008FDBF7 /* MessengarTests */ = {
			isa = PBXNativeTarget;
			buildConfigurationList = BEAB40E72774C214008FDBF7 /* Build configuration list for PBXNativeTarget "MessengarTests" */;
			buildPhases = (
				BEAB40CC2774C213008FDBF7 /* Sources */,
				BEAB40CD2774C213008FDBF7 /* Frameworks */,
				BEAB40CE2774C213008FDBF7 /* Resources */,
			);
			buildRules = (
			);
			dependencies = (
				BEAB40D22774C213008FDBF7 /* PBXTargetDependency */,
			);
			name = MessengarTests;
			productName = MessengarTests;
			productReference = BEAB40D02774C213008FDBF7 /* MessengarTests.xctest */;
			productType = "com.apple.product-type.bundle.unit-test";
		};
		BEAB40DA2774C214008FDBF7 /* MessengarUITests */ = {
			isa = PBXNativeTarget;
			buildConfigurationList = BEAB40EA2774C214008FDBF7 /* Build configuration list for PBXNativeTarget "MessengarUITests" */;
			buildPhases = (
				BEAB40D72774C214008FDBF7 /* Sources */,
				BEAB40D82774C214008FDBF7 /* Frameworks */,
				BEAB40D92774C214008FDBF7 /* Resources */,
			);
			buildRules = (
			);
			dependencies = (
				BEAB40DD2774C214008FDBF7 /* PBXTargetDependency */,
			);
			name = MessengarUITests;
			productName = MessengarUITests;
			productReference = BEAB40DB2774C214008FDBF7 /* MessengarUITests.xctest */;
			productType = "com.apple.product-type.bundle.ui-testing";
		};
/* End PBXNativeTarget section */

/* Begin PBXProject section */
		BEAB40B22774C210008FDBF7 /* Project object */ = {
			isa = PBXProject;
			attributes = {
				LastSwiftUpdateCheck = 1240;
				LastUpgradeCheck = 1240;
				TargetAttributes = {
					BEAB40B92774C210008FDBF7 = {
						CreatedOnToolsVersion = 12.4;
					};
					BEAB40CF2774C213008FDBF7 = {
						CreatedOnToolsVersion = 12.4;
						TestTargetID = BEAB40B92774C210008FDBF7;
					};
					BEAB40DA2774C214008FDBF7 = {
						CreatedOnToolsVersion = 12.4;
						TestTargetID = BEAB40B92774C210008FDBF7;
					};
				};
			};
			buildConfigurationList = BEAB40B52774C210008FDBF7 /* Build configuration list for PBXProject "Messengar" */;
			compatibilityVersion = "Xcode 9.3";
			developmentRegion = en;
			hasScannedForEncodings = 0;
			knownRegions = (
				en,
				Base,
			);
			mainGroup = BEAB40B12774C210008FDBF7;
			productRefGroup = BEAB40BB2774C210008FDBF7 /* Products */;
			projectDirPath = "";
			projectRoot = "";
			targets = (
				BEAB40B92774C210008FDBF7 /* Messengar */,
				BEAB40CF2774C213008FDBF7 /* MessengarTests */,
				BEAB40DA2774C214008FDBF7 /* MessengarUITests */,
			);
		};
/* End PBXProject section */

/* Begin PBXResourcesBuildPhase section */
		BEAB40B82774C210008FDBF7 /* Resources */ = {
			isa = PBXResourcesBuildPhase;
			buildActionMask = 2147483647;
			files = (
				BEAB40CA2774C213008FDBF7 /* LaunchScreen.storyboard in Resources */,
				BEAB40C72774C213008FDBF7 /* Assets.xcassets in Resources */,
				BEAB40C52774C210008FDBF7 /* Main.storyboard in Resources */,
			);
			runOnlyForDeploymentPostprocessing = 0;
		};
		BEAB40CE2774C213008FDBF7 /* Resources */ = {
			isa = PBXResourcesBuildPhase;
			buildActionMask = 2147483647;
			files = (
			);
			runOnlyForDeploymentPostprocessing = 0;
		};
		BEAB40D92774C214008FDBF7 /* Resources */ = {
			isa = PBXResourcesBuildPhase;
			buildActionMask = 2147483647;
			files = (
			);
			runOnlyForDeploymentPostprocessing = 0;
		};
/* End PBXResourcesBuildPhase section */

/* Begin PBXSourcesBuildPhase section */
		BEAB40B62774C210008FDBF7 /* Sources */ = {
			isa = PBXSourcesBuildPhase;
			buildActionMask = 2147483647;
			files = (
				BEAB41142774C690008FDBF7 /* NewConverstionViewController.swift in Sources */,
				BEAB40FD2774C614008FDBF7 /* LoginViewController.swift in Sources */,
				BEAB41052774C62B008FDBF7 /* RegisterViewController.swift in Sources */,
				BEAB40C22774C210008FDBF7 /* ConversationsViewController.swift in Sources */,
				BEAB410F2774C66A008FDBF7 /* VideoPlayerViewController.swift in Sources */,
				BEAB41222774D014008FDBF7 /* Extensions.swift in Sources */,
				BEAB40BE2774C210008FDBF7 /* AppDelegate.swift in Sources */,
				BEAB41192774C6A6008FDBF7 /* ProfileViewController.swift in Sources */,
				BEAB40C02774C210008FDBF7 /* SceneDelegate.swift in Sources */,
				BEAB410A2774C653008FDBF7 /* PhotoViewerViewController.swift in Sources */,
			);
			runOnlyForDeploymentPostprocessing = 0;
		};
		BEAB40CC2774C213008FDBF7 /* Sources */ = {
			isa = PBXSourcesBuildPhase;
			buildActionMask = 2147483647;
			files = (
				BEAB40D52774C213008FDBF7 /* MessengarTests.swift in Sources */,
			);
			runOnlyForDeploymentPostprocessing = 0;
		};
		BEAB40D72774C214008FDBF7 /* Sources */ = {
			isa = PBXSourcesBuildPhase;
			buildActionMask = 2147483647;
			files = (
				BEAB40E02774C214008FDBF7 /* MessengarUITests.swift in Sources */,
			);
			runOnlyForDeploymentPostprocessing = 0;
		};
/* End PBXSourcesBuildPhase section */

/* Begin PBXTargetDependency section */
		BEAB40D22774C213008FDBF7 /* PBXTargetDependency */ = {
			isa = PBXTargetDependency;
			target = BEAB40B92774C210008FDBF7 /* Messengar */;
			targetProxy = BEAB40D12774C213008FDBF7 /* PBXContainerItemProxy */;
		};
		BEAB40DD2774C214008FDBF7 /* PBXTargetDependency */ = {
			isa = PBXTargetDependency;
			target = BEAB40B92774C210008FDBF7 /* Messengar */;
			targetProxy = BEAB40DC2774C214008FDBF7 /* PBXContainerItemProxy */;
		};
/* End PBXTargetDependency section */

/* Begin PBXVariantGroup section */
		BEAB40C32774C210008FDBF7 /* Main.storyboard */ = {
			isa = PBXVariantGroup;
			children = (
				BEAB40C42774C210008FDBF7 /* Base */,
			);
			name = Main.storyboard;
			sourceTree = "<group>";
		};
		BEAB40C82774C213008FDBF7 /* LaunchScreen.storyboard */ = {
			isa = PBXVariantGroup;
			children = (
				BEAB40C92774C213008FDBF7 /* Base */,
			);
			name = LaunchScreen.storyboard;
			sourceTree = "<group>";
		};
/* End PBXVariantGroup section */

/* Begin XCBuildConfiguration section */
		BEAB40E22774C214008FDBF7 /* Debug */ = {
			isa = XCBuildConfiguration;
			buildSettings = {
				ALWAYS_SEARCH_USER_PATHS = NO;
				CLANG_ANALYZER_NONNULL = YES;
				CLANG_ANALYZER_NUMBER_OBJECT_CONVERSION = YES_AGGRESSIVE;
				CLANG_CXX_LANGUAGE_STANDARD = "gnu++14";
				CLANG_CXX_LIBRARY = "libc++";
				CLANG_ENABLE_MODULES = YES;
				CLANG_ENABLE_OBJC_ARC = YES;
				CLANG_ENABLE_OBJC_WEAK = YES;
				CLANG_WARN_BLOCK_CAPTURE_AUTORELEASING = YES;
				CLANG_WARN_BOOL_CONVERSION = YES;
				CLANG_WARN_COMMA = YES;
				CLANG_WARN_CONSTANT_CONVERSION = YES;
				CLANG_WARN_DEPRECATED_OBJC_IMPLEMENTATIONS = YES;
				CLANG_WARN_DIRECT_OBJC_ISA_USAGE = YES_ERROR;
				CLANG_WARN_DOCUMENTATION_COMMENTS = YES;
				CLANG_WARN_EMPTY_BODY = YES;
				CLANG_WARN_ENUM_CONVERSION = YES;
				CLANG_WARN_INFINITE_RECURSION = YES;
				CLANG_WARN_INT_CONVERSION = YES;
				CLANG_WARN_NON_LITERAL_NULL_CONVERSION = YES;
				CLANG_WARN_OBJC_IMPLICIT_RETAIN_SELF = YES;
				CLANG_WARN_OBJC_LITERAL_CONVERSION = YES;
				CLANG_WARN_OBJC_ROOT_CLASS = YES_ERROR;
				CLANG_WARN_QUOTED_INCLUDE_IN_FRAMEWORK_HEADER = YES;
				CLANG_WARN_RANGE_LOOP_ANALYSIS = YES;
				CLANG_WARN_STRICT_PROTOTYPES = YES;
				CLANG_WARN_SUSPICIOUS_MOVE = YES;
				CLANG_WARN_UNGUARDED_AVAILABILITY = YES_AGGRESSIVE;
				CLANG_WARN_UNREACHABLE_CODE = YES;
				CLANG_WARN__DUPLICATE_METHOD_MATCH = YES;
				COPY_PHASE_STRIP = NO;
				DEBUG_INFORMATION_FORMAT = dwarf;
				ENABLE_STRICT_OBJC_MSGSEND = YES;
				ENABLE_TESTABILITY = YES;
				GCC_C_LANGUAGE_STANDARD = gnu11;
				GCC_DYNAMIC_NO_PIC = NO;
				GCC_NO_COMMON_BLOCKS = YES;
				GCC_OPTIMIZATION_LEVEL = 0;
				GCC_PREPROCESSOR_DEFINITIONS = (
					"DEBUG=1",
					"$(inherited)",
				);
				GCC_WARN_64_TO_32_BIT_CONVERSION = YES;
				GCC_WARN_ABOUT_RETURN_TYPE = YES_ERROR;
				GCC_WARN_UNDECLARED_SELECTOR = YES;
				GCC_WARN_UNINITIALIZED_AUTOS = YES_AGGRESSIVE;
				GCC_WARN_UNUSED_FUNCTION = YES;
				GCC_WARN_UNUSED_VARIABLE = YES;
				IPHONEOS_DEPLOYMENT_TARGET = 14.4;
				MTL_ENABLE_DEBUG_INFO = INCLUDE_SOURCE;
				MTL_FAST_MATH = YES;
				ONLY_ACTIVE_ARCH = YES;
				SDKROOT = iphoneos;
				SWIFT_ACTIVE_COMPILATION_CONDITIONS = DEBUG;
				SWIFT_OPTIMIZATION_LEVEL = "-Onone";
			};
			name = Debug;
		};
		BEAB40E32774C214008FDBF7 /* Release */ = {
			isa = XCBuildConfiguration;
			buildSettings = {
				ALWAYS_SEARCH_USER_PATHS = NO;
				CLANG_ANALYZER_NONNULL = YES;
				CLANG_ANALYZER_NUMBER_OBJECT_CONVERSION = YES_AGGRESSIVE;
				CLANG_CXX_LANGUAGE_STANDARD = "gnu++14";
				CLANG_CXX_LIBRARY = "libc++";
				CLANG_ENABLE_MODULES = YES;
				CLANG_ENABLE_OBJC_ARC = YES;
				CLANG_ENABLE_OBJC_WEAK = YES;
				CLANG_WARN_BLOCK_CAPTURE_AUTORELEASING = YES;
				CLANG_WARN_BOOL_CONVERSION = YES;
				CLANG_WARN_COMMA = YES;
				CLANG_WARN_CONSTANT_CONVERSION = YES;
				CLANG_WARN_DEPRECATED_OBJC_IMPLEMENTATIONS = YES;
				CLANG_WARN_DIRECT_OBJC_ISA_USAGE = YES_ERROR;
				CLANG_WARN_DOCUMENTATION_COMMENTS = YES;
				CLANG_WARN_EMPTY_BODY = YES;
				CLANG_WARN_ENUM_CONVERSION = YES;
				CLANG_WARN_INFINITE_RECURSION = YES;
				CLANG_WARN_INT_CONVERSION = YES;
				CLANG_WARN_NON_LITERAL_NULL_CONVERSION = YES;
				CLANG_WARN_OBJC_IMPLICIT_RETAIN_SELF = YES;
				CLANG_WARN_OBJC_LITERAL_CONVERSION = YES;
				CLANG_WARN_OBJC_ROOT_CLASS = YES_ERROR;
				CLANG_WARN_QUOTED_INCLUDE_IN_FRAMEWORK_HEADER = YES;
				CLANG_WARN_RANGE_LOOP_ANALYSIS = YES;
				CLANG_WARN_STRICT_PROTOTYPES = YES;
				CLANG_WARN_SUSPICIOUS_MOVE = YES;
				CLANG_WARN_UNGUARDED_AVAILABILITY = YES_AGGRESSIVE;
				CLANG_WARN_UNREACHABLE_CODE = YES;
				CLANG_WARN__DUPLICATE_METHOD_MATCH = YES;
				COPY_PHASE_STRIP = NO;
				DEBUG_INFORMATION_FORMAT = "dwarf-with-dsym";
				ENABLE_NS_ASSERTIONS = NO;
				ENABLE_STRICT_OBJC_MSGSEND = YES;
				GCC_C_LANGUAGE_STANDARD = gnu11;
				GCC_NO_COMMON_BLOCKS = YES;
				GCC_WARN_64_TO_32_BIT_CONVERSION = YES;
				GCC_WARN_ABOUT_RETURN_TYPE = YES_ERROR;
				GCC_WARN_UNDECLARED_SELECTOR = YES;
				GCC_WARN_UNINITIALIZED_AUTOS = YES_AGGRESSIVE;
				GCC_WARN_UNUSED_FUNCTION = YES;
				GCC_WARN_UNUSED_VARIABLE = YES;
				IPHONEOS_DEPLOYMENT_TARGET = 14.4;
				MTL_ENABLE_DEBUG_INFO = NO;
				MTL_FAST_MATH = YES;
				SDKROOT = iphoneos;
				SWIFT_COMPILATION_MODE = wholemodule;
				SWIFT_OPTIMIZATION_LEVEL = "-O";
				VALIDATE_PRODUCT = YES;
			};
			name = Release;
		};
		BEAB40E52774C214008FDBF7 /* Debug */ = {
			isa = XCBuildConfiguration;
			buildSettings = {
				ASSETCATALOG_COMPILER_APPICON_NAME = AppIcon;
				ASSETCATALOG_COMPILER_GLOBAL_ACCENT_COLOR_NAME = AccentColor;
				CODE_SIGN_STYLE = Automatic;
				INFOPLIST_FILE = Messengar/Info.plist;
				IPHONEOS_DEPLOYMENT_TARGET = 13.0;
				LD_RUNPATH_SEARCH_PATHS = (
					"$(inherited)",
					"@executable_path/Frameworks",
				);
				PRODUCT_BUNDLE_IDENTIFIER = ashton.Messengar;
				PRODUCT_NAME = "$(TARGET_NAME)";
				SWIFT_VERSION = 5.0;
				TARGETED_DEVICE_FAMILY = "1,2";
			};
			name = Debug;
		};
		BEAB40E62774C214008FDBF7 /* Release */ = {
			isa = XCBuildConfiguration;
			buildSettings = {
				ASSETCATALOG_COMPILER_APPICON_NAME = AppIcon;
				ASSETCATALOG_COMPILER_GLOBAL_ACCENT_COLOR_NAME = AccentColor;
				CODE_SIGN_STYLE = Automatic;
				INFOPLIST_FILE = Messengar/Info.plist;
				IPHONEOS_DEPLOYMENT_TARGET = 13.0;
				LD_RUNPATH_SEARCH_PATHS = (
					"$(inherited)",
					"@executable_path/Frameworks",
				);
				PRODUCT_BUNDLE_IDENTIFIER = ashton.Messengar;
				PRODUCT_NAME = "$(TARGET_NAME)";
				SWIFT_VERSION = 5.0;
				TARGETED_DEVICE_FAMILY = "1,2";
			};
			name = Release;
		};
		BEAB40E82774C214008FDBF7 /* Debug */ = {
			isa = XCBuildConfiguration;
			buildSettings = {
				ALWAYS_EMBED_SWIFT_STANDARD_LIBRARIES = YES;
				BUNDLE_LOADER = "$(TEST_HOST)";
				CODE_SIGN_STYLE = Automatic;
				INFOPLIST_FILE = MessengarTests/Info.plist;
				IPHONEOS_DEPLOYMENT_TARGET = 14.4;
				LD_RUNPATH_SEARCH_PATHS = (
					"$(inherited)",
					"@executable_path/Frameworks",
					"@loader_path/Frameworks",
				);
				PRODUCT_BUNDLE_IDENTIFIER = ashton.MessengarTests;
				PRODUCT_NAME = "$(TARGET_NAME)";
				SWIFT_VERSION = 5.0;
				TARGETED_DEVICE_FAMILY = "1,2";
				TEST_HOST = "$(BUILT_PRODUCTS_DIR)/Messengar.app/Messengar";
			};
			name = Debug;
		};
		BEAB40E92774C214008FDBF7 /* Release */ = {
			isa = XCBuildConfiguration;
			buildSettings = {
				ALWAYS_EMBED_SWIFT_STANDARD_LIBRARIES = YES;
				BUNDLE_LOADER = "$(TEST_HOST)";
				CODE_SIGN_STYLE = Automatic;
				INFOPLIST_FILE = MessengarTests/Info.plist;
				IPHONEOS_DEPLOYMENT_TARGET = 14.4;
				LD_RUNPATH_SEARCH_PATHS = (
					"$(inherited)",
					"@executable_path/Frameworks",
					"@loader_path/Frameworks",
				);
				PRODUCT_BUNDLE_IDENTIFIER = ashton.MessengarTests;
				PRODUCT_NAME = "$(TARGET_NAME)";
				SWIFT_VERSION = 5.0;
				TARGETED_DEVICE_FAMILY = "1,2";
				TEST_HOST = "$(BUILT_PRODUCTS_DIR)/Messengar.app/Messengar";
			};
			name = Release;
		};
		BEAB40EB2774C214008FDBF7 /* Debug */ = {
			isa = XCBuildConfiguration;
			buildSettings = {
				ALWAYS_EMBED_SWIFT_STANDARD_LIBRARIES = YES;
				CODE_SIGN_STYLE = Automatic;
				INFOPLIST_FILE = MessengarUITests/Info.plist;
				LD_RUNPATH_SEARCH_PATHS = (
					"$(inherited)",
					"@executable_path/Frameworks",
					"@loader_path/Frameworks",
				);
				PRODUCT_BUNDLE_IDENTIFIER = ashton.MessengarUITests;
				PRODUCT_NAME = "$(TARGET_NAME)";
				SWIFT_VERSION = 5.0;
				TARGETED_DEVICE_FAMILY = "1,2";
				TEST_TARGET_NAME = Messengar;
			};
			name = Debug;
		};
		BEAB40EC2774C214008FDBF7 /* Release */ = {
			isa = XCBuildConfiguration;
			buildSettings = {
				ALWAYS_EMBED_SWIFT_STANDARD_LIBRARIES = YES;
				CODE_SIGN_STYLE = Automatic;
				INFOPLIST_FILE = MessengarUITests/Info.plist;
				LD_RUNPATH_SEARCH_PATHS = (
					"$(inherited)",
					"@executable_path/Frameworks",
					"@loader_path/Frameworks",
				);
				PRODUCT_BUNDLE_IDENTIFIER = ashton.MessengarUITests;
				PRODUCT_NAME = "$(TARGET_NAME)";
				SWIFT_VERSION = 5.0;
				TARGETED_DEVICE_FAMILY = "1,2";
				TEST_TARGET_NAME = Messengar;
			};
			name = Release;
		};
/* End XCBuildConfiguration section */

/* Begin XCConfigurationList section */
		BEAB40B52774C210008FDBF7 /* Build configuration list for PBXProject "Messengar" */ = {
			isa = XCConfigurationList;
			buildConfigurations = (
				BEAB40E22774C214008FDBF7 /* Debug */,
				BEAB40E32774C214008FDBF7 /* Release */,
			);
			defaultConfigurationIsVisible = 0;
			defaultConfigurationName = Release;
		};
		BEAB40E42774C214008FDBF7 /* Build configuration list for PBXNativeTarget "Messengar" */ = {
			isa = XCConfigurationList;
			buildConfigurations = (
				BEAB40E52774C214008FDBF7 /* Debug */,
				BEAB40E62774C214008FDBF7 /* Release */,
			);
			defaultConfigurationIsVisible = 0;
			defaultConfigurationName = Release;
		};
		BEAB40E72774C214008FDBF7 /* Build configuration list for PBXNativeTarget "MessengarTests" */ = {
			isa = XCConfigurationList;
			buildConfigurations = (
				BEAB40E82774C214008FDBF7 /* Debug */,
				BEAB40E92774C214008FDBF7 /* Release */,
			);
			defaultConfigurationIsVisible = 0;
			defaultConfigurationName = Release;
		};
		BEAB40EA2774C214008FDBF7 /* Build configuration list for PBXNativeTarget "MessengarUITests" */ = {
			isa = XCConfigurationList;
			buildConfigurations = (
				BEAB40EB2774C214008FDBF7 /* Debug */,
				BEAB40EC2774C214008FDBF7 /* Release */,
			);
			defaultConfigurationIsVisible = 0;
			defaultConfigurationName = Release;
		};
/* End XCConfigurationList section */
	};
	rootObject = BEAB40B22774C210008FDBF7 /* Project object */;
}
